// !$*UTF8*$!
{
	archiveVersion = 1;
	classes = {
	};
	objectVersion = 46;
	objects = {

/* Begin PBXBuildFile section */
		1D6C30EE1E42292100ABEC70 /* AppDelegate.swift in Sources */ = {isa = PBXBuildFile; fileRef = 1D6C30ED1E42292100ABEC70 /* AppDelegate.swift */; };
		1D6C30F01E42292100ABEC70 /* ViewController.swift in Sources */ = {isa = PBXBuildFile; fileRef = 1D6C30EF1E42292100ABEC70 /* ViewController.swift */; };
		1D6C30F31E42292100ABEC70 /* Main.storyboard in Resources */ = {isa = PBXBuildFile; fileRef = 1D6C30F11E42292100ABEC70 /* Main.storyboard */; };
		1D6C30F51E42292100ABEC70 /* Assets.xcassets in Resources */ = {isa = PBXBuildFile; fileRef = 1D6C30F41E42292100ABEC70 /* Assets.xcassets */; };
		1D6C30F81E42292100ABEC70 /* LaunchScreen.storyboard in Resources */ = {isa = PBXBuildFile; fileRef = 1D6C30F61E42292100ABEC70 /* LaunchScreen.storyboard */; };
		1D6C31031E42292100ABEC70 /* TST1Tests.swift in Sources */ = {isa = PBXBuildFile; fileRef = 1D6C31021E42292100ABEC70 /* TST1Tests.swift */; };
		1D6C310E1E42292100ABEC70 /* TST1UITests.swift in Sources */ = {isa = PBXBuildFile; fileRef = 1D6C310D1E42292100ABEC70 /* TST1UITests.swift */; };
/* End PBXBuildFile section */

/* Begin PBXContainerItemProxy section */
		1D6C30FF1E42292100ABEC70 /* PBXContainerItemProxy */ = {
			isa = PBXContainerItemProxy;
			containerPortal = 1D6C30E21E42292100ABEC70 /* Project object */;
			proxyType = 1;
			remoteGlobalIDString = 1D6C30E91E42292100ABEC70;
			remoteInfo = TST1;
		};
		1D6C310A1E42292100ABEC70 /* PBXContainerItemProxy */ = {
			isa = PBXContainerItemProxy;
			containerPortal = 1D6C30E21E42292100ABEC70 /* Project object */;
			proxyType = 1;
			remoteGlobalIDString = 1D6C30E91E42292100ABEC70;
			remoteInfo = TST1;
		};
/* End PBXContainerItemProxy section */

/* Begin PBXFileReference section */
		1D6C30EA1E42292100ABEC70 /* TST1.app */ = {isa = PBXFileReference; explicitFileType = wrapper.application; includeInIndex = 0; path = TST1.app; sourceTree = BUILT_PRODUCTS_DIR; };
		1D6C30ED1E42292100ABEC70 /* AppDelegate.swift */ = {isa = PBXFileReference; lastKnownFileType = sourcecode.swift; path = AppDelegate.swift; sourceTree = "<group>"; };
		1D6C30EF1E42292100ABEC70 /* ViewController.swift */ = {isa = PBXFileReference; lastKnownFileType = sourcecode.swift; path = ViewController.swift; sourceTree = "<group>"; };
		1D6C30F21E42292100ABEC70 /* Base */ = {isa = PBXFileReference; lastKnownFileType = file.storyboard; name = Base; path = Base.lproj/Main.storyboard; sourceTree = "<group>"; };
		1D6C30F41E42292100ABEC70 /* Assets.xcassets */ = {isa = PBXFileReference; lastKnownFileType = folder.assetcatalog; path = Assets.xcassets; sourceTree = "<group>"; };
		1D6C30F71E42292100ABEC70 /* Base */ = {isa = PBXFileReference; lastKnownFileType = file.storyboard; name = Base; path = Base.lproj/LaunchScreen.storyboard; sourceTree = "<group>"; };
		1D6C30F91E42292100ABEC70 /* Info.plist */ = {isa = PBXFileReference; lastKnownFileType = text.plist.xml; path = Info.plist; sourceTree = "<group>"; };
		1D6C30FE1E42292100ABEC70 /* TST1Tests.xctest */ = {isa = PBXFileReference; explicitFileType = wrapper.cfbundle; includeInIndex = 0; path = TST1Tests.xctest; sourceTree = BUILT_PRODUCTS_DIR; };
		1D6C31021E42292100ABEC70 /* TST1Tests.swift */ = {isa = PBXFileReference; lastKnownFileType = sourcecode.swift; path = TST1Tests.swift; sourceTree = "<group>"; };
		1D6C31041E42292100ABEC70 /* Info.plist */ = {isa = PBXFileReference; lastKnownFileType = text.plist.xml; path = Info.plist; sourceTree = "<group>"; };
		1D6C31091E42292100ABEC70 /* TST1UITests.xctest */ = {isa = PBXFileReference; explicitFileType = wrapper.cfbundle; includeInIndex = 0; path = TST1UITests.xctest; sourceTree = BUILT_PRODUCTS_DIR; };
		1D6C310D1E42292100ABEC70 /* TST1UITests.swift */ = {isa = PBXFileReference; lastKnownFileType = sourcecode.swift; path = TST1UITests.swift; sourceTree = "<group>"; };
		1D6C310F1E42292100ABEC70 /* Info.plist */ = {isa = PBXFileReference; lastKnownFileType = text.plist.xml; path = Info.plist; sourceTree = "<group>"; };
/* End PBXFileReference section */

/* Begin PBXFrameworksBuildPhase section */
		1D6C30E71E42292100ABEC70 /* Frameworks */ = {
			isa = PBXFrameworksBuildPhase;
			buildActionMask = 2147483647;
			files = (
			);
			runOnlyForDeploymentPostprocessing = 0;
		};
		1D6C30FB1E42292100ABEC70 /* Frameworks */ = {
			isa = PBXFrameworksBuildPhase;
			buildActionMask = 2147483647;
			files = (
			);
			runOnlyForDeploymentPostprocessing = 0;
		};
		1D6C31061E42292100ABEC70 /* Frameworks */ = {
			isa = PBXFrameworksBuildPhase;
			buildActionMask = 2147483647;
			files = (
			);
			runOnlyForDeploymentPostprocessing = 0;
		};
/* End PBXFrameworksBuildPhase section */

/* Begin PBXGroup section */
		1D6C30E11E42292100ABEC70 = {
			isa = PBXGroup;
			children = (
				1D6C30EC1E42292100ABEC70 /* TST1 */,
				1D6C31011E42292100ABEC70 /* TST1Tests */,
				1D6C310C1E42292100ABEC70 /* TST1UITests */,
				1D6C30EB1E42292100ABEC70 /* Products */,
			);
			sourceTree = "<group>";
		};
		1D6C30EB1E42292100ABEC70 /* Products */ = {
			isa = PBXGroup;
			children = (
				1D6C30EA1E42292100ABEC70 /* TST1.app */,
				1D6C30FE1E42292100ABEC70 /* TST1Tests.xctest */,
				1D6C31091E42292100ABEC70 /* TST1UITests.xctest */,
			);
			name = Products;
			sourceTree = "<group>";
		};
		1D6C30EC1E42292100ABEC70 /* TST1 */ = {
			isa = PBXGroup;
			children = (
				1D6C30ED1E42292100ABEC70 /* AppDelegate.swift */,
				1D6C30EF1E42292100ABEC70 /* ViewController.swift */,
				1D6C30F11E42292100ABEC70 /* Main.storyboard */,
				1D6C30F41E42292100ABEC70 /* Assets.xcassets */,
				1D6C30F61E42292100ABEC70 /* LaunchScreen.storyboard */,
				1D6C30F91E42292100ABEC70 /* Info.plist */,
			);
			path = TST1;
			sourceTree = "<group>";
		};
		1D6C31011E42292100ABEC70 /* TST1Tests */ = {
			isa = PBXGroup;
			children = (
				1D6C31021E42292100ABEC70 /* TST1Tests.swift */,
				1D6C31041E42292100ABEC70 /* Info.plist */,
			);
			path = TST1Tests;
			sourceTree = "<group>";
		};
		1D6C310C1E42292100ABEC70 /* TST1UITests */ = {
			isa = PBXGroup;
			children = (
				1D6C310D1E42292100ABEC70 /* TST1UITests.swift */,
				1D6C310F1E42292100ABEC70 /* Info.plist */,
			);
			path = TST1UITests;
			sourceTree = "<group>";
		};
/* End PBXGroup section */

/* Begin PBXNativeTarget section */
		1D6C30E91E42292100ABEC70 /* TST1 */ = {
			isa = PBXNativeTarget;
			buildConfigurationList = 1D6C31121E42292100ABEC70 /* Build configuration list for PBXNativeTarget "TST1" */;
			buildPhases = (
				1D6C30E61E42292100ABEC70 /* Sources */,
				1D6C30E71E42292100ABEC70 /* Frameworks */,
				1D6C30E81E42292100ABEC70 /* Resources */,
			);
			buildRules = (
			);
			dependencies = (
			);
			name = TST1;
			productName = TST1;
			productReference = 1D6C30EA1E42292100ABEC70 /* TST1.app */;
			productType = "com.apple.product-type.application";
		};
		1D6C30FD1E42292100ABEC70 /* TST1Tests */ = {
			isa = PBXNativeTarget;
			buildConfigurationList = 1D6C31151E42292100ABEC70 /* Build configuration list for PBXNativeTarget "TST1Tests" */;
			buildPhases = (
				1D6C30FA1E42292100ABEC70 /* Sources */,
				1D6C30FB1E42292100ABEC70 /* Frameworks */,
				1D6C30FC1E42292100ABEC70 /* Resources */,
			);
			buildRules = (
			);
			dependencies = (
				1D6C31001E42292100ABEC70 /* PBXTargetDependency */,
			);
			name = TST1Tests;
			productName = TST1Tests;
			productReference = 1D6C30FE1E42292100ABEC70 /* TST1Tests.xctest */;
			productType = "com.apple.product-type.bundle.unit-test";
		};
		1D6C31081E42292100ABEC70 /* TST1UITests */ = {
			isa = PBXNativeTarget;
			buildConfigurationList = 1D6C31181E42292100ABEC70 /* Build configuration list for PBXNativeTarget "TST1UITests" */;
			buildPhases = (
				1D6C31051E42292100ABEC70 /* Sources */,
				1D6C31061E42292100ABEC70 /* Frameworks */,
				1D6C31071E42292100ABEC70 /* Resources */,
			);
			buildRules = (
			);
			dependencies = (
				1D6C310B1E42292100ABEC70 /* PBXTargetDependency */,
			);
			name = TST1UITests;
			productName = TST1UITests;
			productReference = 1D6C31091E42292100ABEC70 /* TST1UITests.xctest */;
			productType = "com.apple.product-type.bundle.ui-testing";
		};
/* End PBXNativeTarget section */

/* Begin PBXProject section */
		1D6C30E21E42292100ABEC70 /* Project object */ = {
			isa = PBXProject;
			attributes = {
				LastSwiftUpdateCheck = 0820;
				LastUpgradeCheck = 0820;
				ORGANIZATIONNAME = codebrew;
				TargetAttributes = {
					1D6C30E91E42292100ABEC70 = {
						CreatedOnToolsVersion = 8.2.1;
						ProvisioningStyle = Automatic;
					};
					1D6C30FD1E42292100ABEC70 = {
						CreatedOnToolsVersion = 8.2.1;
						ProvisioningStyle = Automatic;
						TestTargetID = 1D6C30E91E42292100ABEC70;
					};
					1D6C31081E42292100ABEC70 = {
						CreatedOnToolsVersion = 8.2.1;
						ProvisioningStyle = Automatic;
						TestTargetID = 1D6C30E91E42292100ABEC70;
					};
				};
			};
			buildConfigurationList = 1D6C30E51E42292100ABEC70 /* Build configuration list for PBXProject "TST1" */;
			compatibilityVersion = "Xcode 3.2";
			developmentRegion = English;
			hasScannedForEncodings = 0;
			knownRegions = (
				en,
				Base,
			);
			mainGroup = 1D6C30E11E42292100ABEC70;
			productRefGroup = 1D6C30EB1E42292100ABEC70 /* Products */;
			projectDirPath = "";
			projectRoot = "";
			targets = (
				1D6C30E91E42292100ABEC70 /* TST1 */,
				1D6C30FD1E42292100ABEC70 /* TST1Tests */,
				1D6C31081E42292100ABEC70 /* TST1UITests */,
			);
		};
/* End PBXProject section */

/* Begin PBXResourcesBuildPhase section */
		1D6C30E81E42292100ABEC70 /* Resources */ = {
			isa = PBXResourcesBuildPhase;
			buildActionMask = 2147483647;
			files = (
				1D6C30F81E42292100ABEC70 /* LaunchScreen.storyboard in Resources */,
				1D6C30F51E42292100ABEC70 /* Assets.xcassets in Resources */,
				1D6C30F31E42292100ABEC70 /* Main.storyboard in Resources */,
			);
			runOnlyForDeploymentPostprocessing = 0;
		};
		1D6C30FC1E42292100ABEC70 /* Resources */ = {
			isa = PBXResourcesBuildPhase;
			buildActionMask = 2147483647;
			files = (
			);
			runOnlyForDeploymentPostprocessing = 0;
		};
		1D6C31071E42292100ABEC70 /* Resources */ = {
			isa = PBXResourcesBuildPhase;
			buildActionMask = 2147483647;
			files = (
			);
			runOnlyForDeploymentPostprocessing = 0;
		};
/* End PBXResourcesBuildPhase section */

/* Begin PBXSourcesBuildPhase section */
		1D6C30E61E42292100ABEC70 /* Sources */ = {
			isa = PBXSourcesBuildPhase;
			buildActionMask = 2147483647;
			files = (
				1D6C30F01E42292100ABEC70 /* ViewController.swift in Sources */,
				1D6C30EE1E42292100ABEC70 /* AppDelegate.swift in Sources */,
			);
			runOnlyForDeploymentPostprocessing = 0;
		};
		1D6C30FA1E42292100ABEC70 /* Sources */ = {
			isa = PBXSourcesBuildPhase;
			buildActionMask = 2147483647;
			files = (
				1D6C31031E42292100ABEC70 /* TST1Tests.swift in Sources */,
			);
			runOnlyForDeploymentPostprocessing = 0;
		};
		1D6C31051E42292100ABEC70 /* Sources */ = {
			isa = PBXSourcesBuildPhase;
			buildActionMask = 2147483647;
			files = (
				1D6C310E1E42292100ABEC70 /* TST1UITests.swift in Sources */,
			);
			runOnlyForDeploymentPostprocessing = 0;
		};
/* End PBXSourcesBuildPhase section */

/* Begin PBXTargetDependency section */
		1D6C31001E42292100ABEC70 /* PBXTargetDependency */ = {
			isa = PBXTargetDependency;
			target = 1D6C30E91E42292100ABEC70 /* TST1 */;
			targetProxy = 1D6C30FF1E42292100ABEC70 /* PBXContainerItemProxy */;
		};
		1D6C310B1E42292100ABEC70 /* PBXTargetDependency */ = {
			isa = PBXTargetDependency;
			target = 1D6C30E91E42292100ABEC70 /* TST1 */;
			targetProxy = 1D6C310A1E42292100ABEC70 /* PBXContainerItemProxy */;
		};
/* End PBXTargetDependency section */

/* Begin PBXVariantGroup section */
		1D6C30F11E42292100ABEC70 /* Main.storyboard */ = {
			isa = PBXVariantGroup;
			children = (
				1D6C30F21E42292100ABEC70 /* Base */,
			);
			name = Main.storyboard;
			sourceTree = "<group>";
		};
		1D6C30F61E42292100ABEC70 /* LaunchScreen.storyboard */ = {
			isa = PBXVariantGroup;
			children = (
				1D6C30F71E42292100ABEC70 /* Base */,
			);
			name = LaunchScreen.storyboard;
			sourceTree = "<group>";
		};
/* End PBXVariantGroup section */

/* Begin XCBuildConfiguration section */
		1D6C31101E42292100ABEC70 /* Debug */ = {
			isa = XCBuildConfiguration;
			buildSettings = {
				ALWAYS_SEARCH_USER_PATHS = NO;
				CLANG_ANALYZER_NONNULL = YES;
				CLANG_CXX_LANGUAGE_STANDARD = "gnu++0x";
				CLANG_CXX_LIBRARY = "libc++";
				CLANG_ENABLE_MODULES = YES;
				CLANG_ENABLE_OBJC_ARC = YES;
				CLANG_WARN_BOOL_CONVERSION = YES;
				CLANG_WARN_CONSTANT_CONVERSION = YES;
				CLANG_WARN_DIRECT_OBJC_ISA_USAGE = YES_ERROR;
				CLANG_WARN_DOCUMENTATION_COMMENTS = YES;
				CLANG_WARN_EMPTY_BODY = YES;
				CLANG_WARN_ENUM_CONVERSION = YES;
				CLANG_WARN_INFINITE_RECURSION = YES;
				CLANG_WARN_INT_CONVERSION = YES;
				CLANG_WARN_OBJC_ROOT_CLASS = YES_ERROR;
				CLANG_WARN_SUSPICIOUS_MOVE = YES;
				CLANG_WARN_UNREACHABLE_CODE = YES;
				CLANG_WARN__DUPLICATE_METHOD_MATCH = YES;
				"CODE_SIGN_IDENTITY[sdk=iphoneos*]" = "iPhone Developer";
				COPY_PHASE_STRIP = NO;
				DEBUG_INFORMATION_FORMAT = dwarf;
				ENABLE_STRICT_OBJC_MSGSEND = YES;
				ENABLE_TESTABILITY = YES;
				GCC_C_LANGUAGE_STANDARD = gnu99;
				GCC_DYNAMIC_NO_PIC = NO;
				GCC_NO_COMMON_BLOCKS = YES;
				GCC_OPTIMIZATION_LEVEL = 0;
				GCC_PREPROCESSOR_DEFINITIONS = (
					"DEBUG=1",
					"$(inherited)",
				);
				GCC_WARN_64_TO_32_BIT_CONVERSION = YES;
				GCC_WARN_ABOUT_RETURN_TYPE = YES_ERROR;
				GCC_WARN_UNDECLARED_SELECTOR = YES;
				GCC_WARN_UNINITIALIZED_AUTOS = YES_AGGRESSIVE;
				GCC_WARN_UNUSED_FUNCTION = YES;
				GCC_WARN_UNUSED_VARIABLE = YES;
				IPHONEOS_DEPLOYMENT_TARGET = 10.2;
				MTL_ENABLE_DEBUG_INFO = YES;
				ONLY_ACTIVE_ARCH = YES;
				SDKROOT = iphoneos;
				SWIFT_ACTIVE_COMPILATION_CONDITIONS = DEBUG;
				SWIFT_OPTIMIZATION_LEVEL = "-Onone";
				TARGETED_DEVICE_FAMILY = "1,2";
			};
			name = Debug;
		};
		1D6C31111E42292100ABEC70 /* Release */ = {
			isa = XCBuildConfiguration;
			buildSettings = {
				ALWAYS_SEARCH_USER_PATHS = NO;
				CLANG_ANALYZER_NONNULL = YES;
				CLANG_CXX_LANGUAGE_STANDARD = "gnu++0x";
				CLANG_CXX_LIBRARY = "libc++";
				CLANG_ENABLE_MODULES = YES;
				CLANG_ENABLE_OBJC_ARC = YES;
				CLANG_WARN_BOOL_CONVERSION = YES;
				CLANG_WARN_CONSTANT_CONVERSION = YES;
				CLANG_WARN_DIRECT_OBJC_ISA_USAGE = YES_ERROR;
				CLANG_WARN_DOCUMENTATION_COMMENTS = YES;
				CLANG_WARN_EMPTY_BODY = YES;
				CLANG_WARN_ENUM_CONVERSION = YES;
				CLANG_WARN_INFINITE_RECURSION = YES;
				CLANG_WARN_INT_CONVERSION = YES;
				CLANG_WARN_OBJC_ROOT_CLASS = YES_ERROR;
				CLANG_WARN_SUSPICIOUS_MOVE = YES;
				CLANG_WARN_UNREACHABLE_CODE = YES;
				CLANG_WARN__DUPLICATE_METHOD_MATCH = YES;
				"CODE_SIGN_IDENTITY[sdk=iphoneos*]" = "iPhone Developer";
				COPY_PHASE_STRIP = NO;
				DEBUG_INFORMATION_FORMAT = "dwarf-with-dsym";
				ENABLE_NS_ASSERTIONS = NO;
				ENABLE_STRICT_OBJC_MSGSEND = YES;
				GCC_C_LANGUAGE_STANDARD = gnu99;
				GCC_NO_COMMON_BLOCKS = YES;
				GCC_WARN_64_TO_32_BIT_CONVERSION = YES;
				GCC_WARN_ABOUT_RETURN_TYPE = YES_ERROR;
				GCC_WARN_UNDECLARED_SELECTOR = YES;
				GCC_WARN_UNINITIALIZED_AUTOS = YES_AGGRESSIVE;
				GCC_WARN_UNUSED_FUNCTION = YES;
				GCC_WARN_UNUSED_VARIABLE = YES;
				IPHONEOS_DEPLOYMENT_TARGET = 10.2;
				MTL_ENABLE_DEBUG_INFO = NO;
				SDKROOT = iphoneos;
				SWIFT_OPTIMIZATION_LEVEL = "-Owholemodule";
				TARGETED_DEVICE_FAMILY = "1,2";
				VALIDATE_PRODUCT = YES;
			};
			name = Release;
		};
		1D6C31131E42292100ABEC70 /* Debug */ = {
			isa = XCBuildConfiguration;
			buildSettings = {
				ASSETCATALOG_COMPILER_APPICON_NAME = AppIcon;
				INFOPLIST_FILE = TST1/Info.plist;
				LD_RUNPATH_SEARCH_PATHS = "$(inherited) @executable_path/Frameworks";
				PRODUCT_BUNDLE_IDENTIFIER = "com.code-brew.TST1";
				PRODUCT_NAME = "$(TARGET_NAME)";
				SWIFT_VERSION = 3.0;
			};
			name = Debug;
		};
		1D6C31141E42292100ABEC70 /* Release */ = {
			isa = XCBuildConfiguration;
			buildSettings = {
				ASSETCATALOG_COMPILER_APPICON_NAME = AppIcon;
				INFOPLIST_FILE = TST1/Info.plist;
				LD_RUNPATH_SEARCH_PATHS = "$(inherited) @executable_path/Frameworks";
				PRODUCT_BUNDLE_IDENTIFIER = "com.code-brew.TST1";
				PRODUCT_NAME = "$(TARGET_NAME)";
				SWIFT_VERSION = 3.0;
			};
			name = Release;
		};
		1D6C31161E42292100ABEC70 /* Debug */ = {
			isa = XCBuildConfiguration;
			buildSettings = {
				ALWAYS_EMBED_SWIFT_STANDARD_LIBRARIES = YES;
				BUNDLE_LOADER = "$(TEST_HOST)";
				INFOPLIST_FILE = TST1Tests/Info.plist;
				LD_RUNPATH_SEARCH_PATHS = "$(inherited) @executable_path/Frameworks @loader_path/Frameworks";
				PRODUCT_BUNDLE_IDENTIFIER = "com.code-brew.TST1Tests";
				PRODUCT_NAME = "$(TARGET_NAME)";
				SWIFT_VERSION = 3.0;
				TEST_HOST = "$(BUILT_PRODUCTS_DIR)/TST1.app/TST1";
			};
			name = Debug;
		};
		1D6C31171E42292100ABEC70 /* Release */ = {
			isa = XCBuildConfiguration;
			buildSettings = {
				ALWAYS_EMBED_SWIFT_STANDARD_LIBRARIES = YES;
				BUNDLE_LOADER = "$(TEST_HOST)";
				INFOPLIST_FILE = TST1Tests/Info.plist;
				LD_RUNPATH_SEARCH_PATHS = "$(inherited) @executable_path/Frameworks @loader_path/Frameworks";
				PRODUCT_BUNDLE_IDENTIFIER = "com.code-brew.TST1Tests";
				PRODUCT_NAME = "$(TARGET_NAME)";
				SWIFT_VERSION = 3.0;
				TEST_HOST = "$(BUILT_PRODUCTS_DIR)/TST1.app/TST1";
			};
			name = Release;
		};
		1D6C31191E42292100ABEC70 /* Debug */ = {
			isa = XCBuildConfiguration;
			buildSettings = {
				ALWAYS_EMBED_SWIFT_STANDARD_LIBRARIES = YES;
				INFOPLIST_FILE = TST1UITests/Info.plist;
				LD_RUNPATH_SEARCH_PATHS = "$(inherited) @executable_path/Frameworks @loader_path/Frameworks";
				PRODUCT_BUNDLE_IDENTIFIER = "com.code-brew.TST1UITests";
				PRODUCT_NAME = "$(TARGET_NAME)";
				SWIFT_VERSION = 3.0;
				TEST_TARGET_NAME = TST1;
			};
			name = Debug;
		};
		1D6C311A1E42292100ABEC70 /* Release */ = {
			isa = XCBuildConfiguration;
			buildSettings = {
				ALWAYS_EMBED_SWIFT_STANDARD_LIBRARIES = YES;
				INFOPLIST_FILE = TST1UITests/Info.plist;
				LD_RUNPATH_SEARCH_PATHS = "$(inherited) @executable_path/Frameworks @loader_path/Frameworks";
				PRODUCT_BUNDLE_IDENTIFIER = "com.code-brew.TST1UITests";
				PRODUCT_NAME = "$(TARGET_NAME)";
				SWIFT_VERSION = 3.0;
				TEST_TARGET_NAME = TST1;
			};
			name = Release;
		};
/* End XCBuildConfiguration section */

/* Begin XCConfigurationList section */
		1D6C30E51E42292100ABEC70 /* Build configuration list for PBXProject "TST1" */ = {
			isa = XCConfigurationList;
			buildConfigurations = (
				1D6C31101E42292100ABEC70 /* Debug */,
				1D6C31111E42292100ABEC70 /* Release */,
			);
			defaultConfigurationIsVisible = 0;
			defaultConfigurationName = Release;
		};
		1D6C31121E42292100ABEC70 /* Build configuration list for PBXNativeTarget "TST1" */ = {
			isa = XCConfigurationList;
			buildConfigurations = (
				1D6C31131E42292100ABEC70 /* Debug */,
				1D6C31141E42292100ABEC70 /* Release */,
			);
			defaultConfigurationIsVisible = 0;
		};
		1D6C31151E42292100ABEC70 /* Build configuration list for PBXNativeTarget "TST1Tests" */ = {
			isa = XCConfigurationList;
			buildConfigurations = (
				1D6C31161E42292100ABEC70 /* Debug */,
				1D6C31171E42292100ABEC70 /* Release */,
			);
			defaultConfigurationIsVisible = 0;
		};
		1D6C31181E42292100ABEC70 /* Build configuration list for PBXNativeTarget "TST1UITests" */ = {
			isa = XCConfigurationList;
			buildConfigurations = (
				1D6C31191E42292100ABEC70 /* Debug */,
				1D6C311A1E42292100ABEC70 /* Release */,
			);
			defaultConfigurationIsVisible = 0;
		};
/* End XCConfigurationList section */
	};
	rootObject = 1D6C30E21E42292100ABEC70 /* Project object */;
}
